
Microsoft Visual Studio Solution File, Format Version 12.00
# Visual Studio 15
VisualStudioVersion = 15.0.26403.7
MinimumVisualStudioVersion = 10.0.40219.1
Project("{FAE04EC0-301F-11D3-BF4B-00C04F79EFBC}") = "TwoRooms.Android", "TwoRooms.Android\TwoRooms.Android.csproj", "{E536B907-2147-49D4-A661-CA20CF86A538}"
EndProject
Project("{FAE04EC0-301F-11D3-BF4B-00C04F79EFBC}") = "TwoRooms.Uwp", "TwoRooms.Uwp\TwoRooms.Uwp.csproj", "{A4484AD6-6F3F-48CA-ABCE-080A9214251A}"
EndProject
Project("{FAE04EC0-301F-11D3-BF4B-00C04F79EFBC}") = "TwoRooms.Domain", "TwoRooms.Domain\TwoRooms.Domain.csproj", "{BA68F68C-D065-4A07-83D7-829F1D8CF4E5}"
EndProject
Global
	GlobalSection(SolutionConfigurationPlatforms) = preSolution
		Debug|Any CPU = Debug|Any CPU
		Debug|ARM = Debug|ARM
		Debug|x64 = Debug|x64
		Debug|x86 = Debug|x86
		Release|Any CPU = Release|Any CPU
		Release|ARM = Release|ARM
		Release|x64 = Release|x64
		Release|x86 = Release|x86
	EndGlobalSection
	GlobalSection(ProjectConfigurationPlatforms) = postSolution
		{E536B907-2147-49D4-A661-CA20CF86A538}.Debug|Any CPU.ActiveCfg = Debug|Any CPU
		{E536B907-2147-49D4-A661-CA20CF86A538}.Debug|Any CPU.Build.0 = Debug|Any CPU
		{E536B907-2147-49D4-A661-CA20CF86A538}.Debug|Any CPU.Deploy.0 = Debug|Any CPU
		{E536B907-2147-49D4-A661-CA20CF86A538}.Debug|ARM.ActiveCfg = Debug|Any CPU
		{E536B907-2147-49D4-A661-CA20CF86A538}.Debug|ARM.Build.0 = Debug|Any CPU
		{E536B907-2147-49D4-A661-CA20CF86A538}.Debug|ARM.Deploy.0 = Debug|Any CPU
		{E536B907-2147-49D4-A661-CA20CF86A538}.Debug|x64.ActiveCfg = Debug|Any CPU
		{E536B907-2147-49D4-A661-CA20CF86A538}.Debug|x64.Build.0 = Debug|Any CPU
		{E536B907-2147-49D4-A661-CA20CF86A538}.Debug|x64.Deploy.0 = Debug|Any CPU
		{E536B907-2147-49D4-A661-CA20CF86A538}.Debug|x86.ActiveCfg = Debug|x86
		{E536B907-2147-49D4-A661-CA20CF86A538}.Debug|x86.Build.0 = Debug|x86
		{E536B907-2147-49D4-A661-CA20CF86A538}.Debug|x86.Deploy.0 = Debug|x86
		{E536B907-2147-49D4-A661-CA20CF86A538}.Release|Any CPU.ActiveCfg = Release|Any CPU
		{E536B907-2147-49D4-A661-CA20CF86A538}.Release|Any CPU.Build.0 = Release|Any CPU
		{E536B907-2147-49D4-A661-CA20CF86A538}.Release|Any CPU.Deploy.0 = Release|Any CPU
		{E536B907-2147-49D4-A661-CA20CF86A538}.Release|ARM.ActiveCfg = Release|Any CPU
		{E536B907-2147-49D4-A661-CA20CF86A538}.Release|ARM.Build.0 = Release|Any CPU
		{E536B907-2147-49D4-A661-CA20CF86A538}.Release|ARM.Deploy.0 = Release|Any CPU
		{E536B907-2147-49D4-A661-CA20CF86A538}.Release|x64.ActiveCfg = Release|Any CPU
		{E536B907-2147-49D4-A661-CA20CF86A538}.Release|x64.Build.0 = Release|Any CPU
		{E536B907-2147-49D4-A661-CA20CF86A538}.Release|x64.Deploy.0 = Release|Any CPU
		{E536B907-2147-49D4-A661-CA20CF86A538}.Release|x86.ActiveCfg = Release|x86
		{E536B907-2147-49D4-A661-CA20CF86A538}.Release|x86.Build.0 = Release|x86
		{E536B907-2147-49D4-A661-CA20CF86A538}.Release|x86.Deploy.0 = Release|x86
		{A4484AD6-6F3F-48CA-ABCE-080A9214251A}.Debug|Any CPU.ActiveCfg = Debug|x86
		{A4484AD6-6F3F-48CA-ABCE-080A9214251A}.Debug|ARM.ActiveCfg = Debug|ARM
		{A4484AD6-6F3F-48CA-ABCE-080A9214251A}.Debug|ARM.Build.0 = Debug|ARM
		{A4484AD6-6F3F-48CA-ABCE-080A9214251A}.Debug|ARM.Deploy.0 = Debug|ARM
		{A4484AD6-6F3F-48CA-ABCE-080A9214251A}.Debug|x64.ActiveCfg = Debug|x64
		{A4484AD6-6F3F-48CA-ABCE-080A9214251A}.Debug|x64.Build.0 = Debug|x64
		{A4484AD6-6F3F-48CA-ABCE-080A9214251A}.Debug|x64.Deploy.0 = Debug|x64
		{A4484AD6-6F3F-48CA-ABCE-080A9214251A}.Debug|x86.ActiveCfg = Debug|x86
		{A4484AD6-6F3F-48CA-ABCE-080A9214251A}.Debug|x86.Build.0 = Debug|x86
		{A4484AD6-6F3F-48CA-ABCE-080A9214251A}.Debug|x86.Deploy.0 = Debug|x86
		{A4484AD6-6F3F-48CA-ABCE-080A9214251A}.Release|Any CPU.ActiveCfg = Release|x86
		{A4484AD6-6F3F-48CA-ABCE-080A9214251A}.Release|ARM.ActiveCfg = Release|ARM
		{A4484AD6-6F3F-48CA-ABCE-080A9214251A}.Release|ARM.Build.0 = Release|ARM
		{A4484AD6-6F3F-48CA-ABCE-080A9214251A}.Release|ARM.Deploy.0 = Release|ARM
		{A4484AD6-6F3F-48CA-ABCE-080A9214251A}.Release|x64.ActiveCfg = Release|x64
		{A4484AD6-6F3F-48CA-ABCE-080A9214251A}.Release|x64.Build.0 = Release|x64
		{A4484AD6-6F3F-48CA-ABCE-080A9214251A}.Release|x64.Deploy.0 = Release|x64
		{A4484AD6-6F3F-48CA-ABCE-080A9214251A}.Release|x86.ActiveCfg = Release|x86
		{A4484AD6-6F3F-48CA-ABCE-080A9214251A}.Release|x86.Build.0 = Release|x86
		{A4484AD6-6F3F-48CA-ABCE-080A9214251A}.Release|x86.Deploy.0 = Release|x86
		{BA68F68C-D065-4A07-83D7-829F1D8CF4E5}.Debug|Any CPU.ActiveCfg = Debug|Any CPU
		{BA68F68C-D065-4A07-83D7-829F1D8CF4E5}.Debug|Any CPU.Build.0 = Debug|Any CPU
		{BA68F68C-D065-4A07-83D7-829F1D8CF4E5}.Debug|ARM.ActiveCfg = Debug|Any CPU
		{BA68F68C-D065-4A07-83D7-829F1D8CF4E5}.Debug|ARM.Build.0 = Debug|Any CPU
		{BA68F68C-D065-4A07-83D7-829F1D8CF4E5}.Debug|x64.ActiveCfg = Debug|Any CPU
		{BA68F68C-D065-4A07-83D7-829F1D8CF4E5}.Debug|x64.Build.0 = Debug|Any CPU
		{BA68F68C-D065-4A07-83D7-829F1D8CF4E5}.Debug|x86.ActiveCfg = Debug|Any CPU
		{BA68F68C-D065-4A07-83D7-829F1D8CF4E5}.Debug|x86.Build.0 = Debug|Any CPU
		{BA68F68C-D065-4A07-83D7-829F1D8CF4E5}.Release|Any CPU.ActiveCfg = Release|Any CPU
		{BA68F68C-D065-4A07-83D7-829F1D8CF4E5}.Release|Any CPU.Build.0 = Release|Any CPU
		{BA68F68C-D065-4A07-83D7-829F1D8CF4E5}.Release|ARM.ActiveCfg = Release|Any CPU
		{BA68F68C-D065-4A07-83D7-829F1D8CF4E5}.Release|ARM.Build.0 = Release|Any CPU
		{BA68F68C-D065-4A07-83D7-829F1D8CF4E5}.Release|x64.ActiveCfg = Release|Any CPU
		{BA68F68C-D065-4A07-83D7-829F1D8CF4E5}.Release|x64.Build.0 = Release|Any CPU
		{BA68F68C-D065-4A07-83D7-829F1D8CF4E5}.Release|x86.ActiveCfg = Release|Any CPU
		{BA68F68C-D065-4A07-83D7-829F1D8CF4E5}.Release|x86.Build.0 = Release|Any CPU
	EndGlobalSection
	GlobalSection(SolutionProperties) = preSolution
		HideSolutionNode = FALSE
	EndGlobalSection
EndGlobal
